
Microsoft Visual Studio Solution File, Format Version 12.00
# Visual Studio Version 17
VisualStudioVersion = 17.4.33213.308
MinimumVisualStudioVersion = 10.0.40219.1
Project("{9A19103F-16F7-4668-BE54-9A1E7A4F7556}") = "LearningVisual", "LearningVisual\LearningVisual.csproj", "{95EC05B8-225F-497B-9944-95BD8FFCEB89}"
EndProject
Project("{9A19103F-16F7-4668-BE54-9A1E7A4F7556}") = "01_WinForms", "01_WinForms\01_WinForms.csproj", "{38F999D6-8761-47D8-9131-85CDBA96D615}"
EndProject
Project("{FAE04EC0-301F-11D3-BF4B-00C04F79EFBC}") = "01_WPF", "01_WPF\01_WPF.csproj", "{6967D6BF-6CC8-4E5D-BD1F-A1874BE3E5D3}"
EndProject
Global
	GlobalSection(SolutionConfigurationPlatforms) = preSolution
		Debug|Any CPU = Debug|Any CPU
		Release|Any CPU = Release|Any CPU
	EndGlobalSection
	GlobalSection(ProjectConfigurationPlatforms) = postSolution
		{95EC05B8-225F-497B-9944-95BD8FFCEB89}.Debug|Any CPU.ActiveCfg = Debug|Any CPU
		{95EC05B8-225F-497B-9944-95BD8FFCEB89}.Debug|Any CPU.Build.0 = Debug|Any CPU
		{95EC05B8-225F-497B-9944-95BD8FFCEB89}.Release|Any CPU.ActiveCfg = Release|Any CPU
		{95EC05B8-225F-497B-9944-95BD8FFCEB89}.Release|Any CPU.Build.0 = Release|Any CPU
		{38F999D6-8761-47D8-9131-85CDBA96D615}.Debug|Any CPU.ActiveCfg = Debug|Any CPU
		{38F999D6-8761-47D8-9131-85CDBA96D615}.Debug|Any CPU.Build.0 = Debug|Any CPU
		{38F999D6-8761-47D8-9131-85CDBA96D615}.Release|Any CPU.ActiveCfg = Release|Any CPU
		{38F999D6-8761-47D8-9131-85CDBA96D615}.Release|Any CPU.Build.0 = Release|Any CPU
		{6967D6BF-6CC8-4E5D-BD1F-A1874BE3E5D3}.Debug|Any CPU.ActiveCfg = Debug|Any CPU
		{6967D6BF-6CC8-4E5D-BD1F-A1874BE3E5D3}.Debug|Any CPU.Build.0 = Debug|Any CPU
		{6967D6BF-6CC8-4E5D-BD1F-A1874BE3E5D3}.Release|Any CPU.ActiveCfg = Release|Any CPU
		{6967D6BF-6CC8-4E5D-BD1F-A1874BE3E5D3}.Release|Any CPU.Build.0 = Release|Any CPU
	EndGlobalSection
	GlobalSection(SolutionProperties) = preSolution
		HideSolutionNode = FALSE
	EndGlobalSection
	GlobalSection(ExtensibilityGlobals) = postSolution
		SolutionGuid = {5B900EA0-C7B5-41CF-9D95-38DD5C6C641E}
	EndGlobalSection
EndGlobal
